
Microsoft Visual Studio Solution File, Format Version 12.00
# Visual Studio 2012
Project("{2150E333-8FDC-42A3-9474-1A3956D46DE8}") = "Business", "Business", "{5AED4E07-528A-49AF-8F60-568DCCFAA714}"
EndProject
Project("{2150E333-8FDC-42A3-9474-1A3956D46DE8}") = "Presentation", "Presentation", "{D91970A5-408D-4058-8094-3A1991EE255A}"
EndProject
Project("{2150E333-8FDC-42A3-9474-1A3956D46DE8}") = "Hosts", "Hosts", "{E1AB3FF4-1BC2-47F6-828E-4D09BAB42227}"
EndProject
Project("{2150E333-8FDC-42A3-9474-1A3956D46DE8}") = "Shared", "Shared", "{212D414B-CB47-4AD6-8D5B-214043C2210A}"
EndProject
Project("{2150E333-8FDC-42A3-9474-1A3956D46DE8}") = "Tests", "Tests", "{C88E4B91-CD6D-43BA-972A-FD05AB905777}"
EndProject
Project("{2150E333-8FDC-42A3-9474-1A3956D46DE8}") = "Architecture", "Architecture", "{29614D71-5FA1-4CEA-BE79-C54397681723}"
EndProject
Project("{FAE04EC0-301F-11D3-BF4B-00C04F79EFBC}") = "SBiSaccoWeb.UI.MVC", "Presentation\SBiSaccoWeb.UI.MVC\SBiSaccoWeb.UI.MVC.csproj", "{6971CCDA-E132-488A-B42B-9DE9846A7872}"
EndProject
Project("{FAE04EC0-301F-11D3-BF4B-00C04F79EFBC}") = "SBiSaccoWeb.UI.MVC.Tests", "Presentation\SBiSaccoWeb.UI.MVC.Tests\SBiSaccoWeb.UI.MVC.Tests.csproj", "{68CA50CC-64B7-4D81-9254-AAA928A11A23}"
EndProject
Project("{FAE04EC0-301F-11D3-BF4B-00C04F79EFBC}") = "SBiSaccoWeb.Framework", "Shared\SBiSaccoWeb.Framework\SBiSaccoWeb.Framework.csproj", "{134326FF-A7B0-4CA6-9A13-C8E04E1ABD36}"
EndProject
Project("{FAE04EC0-301F-11D3-BF4B-00C04F79EFBC}") = "SBiSaccoWeb.Entities", "Shared\SBiSaccoWeb.Entities\SBiSaccoWeb.Entities.csproj", "{15243E12-8661-4CFC-B8EE-44D2EABBD170}"
EndProject
Project("{2150E333-8FDC-42A3-9474-1A3956D46DE8}") = "Data", "Data", "{FC2B3E1D-90E0-4F6B-B485-3E833A33DC0D}"
EndProject
Project("{FAE04EC0-301F-11D3-BF4B-00C04F79EFBC}") = "SBiSaccoWeb.Data", "Data\SBiSaccoWeb.Data\SBiSaccoWeb.Data.csproj", "{283C1F29-2C60-4B30-956B-2FBB40CFB527}"
EndProject
Project("{FAE04EC0-301F-11D3-BF4B-00C04F79EFBC}") = "SBiSaccoWeb.Data.Agents", "Data\SBiSaccoWeb.Data.Agents\SBiSaccoWeb.Data.Agents.csproj", "{9966E5DE-9758-49DD-9366-4F87675F1167}"
EndProject
Project("{FAE04EC0-301F-11D3-BF4B-00C04F79EFBC}") = "SBiSaccoWeb.Business", "Business\SBiSaccoWeb.Business\SBiSaccoWeb.Business.csproj", "{D9E8DE28-4C15-4B06-9824-0A37394C0F9B}"
EndProject
Project("{FAE04EC0-301F-11D3-BF4B-00C04F79EFBC}") = "SBiSaccoWeb.Workflows.Activities", "Business\SBiSaccoWeb.Workflows.Activities\SBiSaccoWeb.Workflows.Activities.csproj", "{98EC024C-6439-44B1-8B1E-29E457B2201F}"
EndProject
Project("{FAE04EC0-301F-11D3-BF4B-00C04F79EFBC}") = "SBiSaccoWeb.Workflows.Designers", "Business\SBiSaccoWeb.Workflows.Designers\SBiSaccoWeb.Workflows.Designers.csproj", "{09DCB913-3122-428E-88CE-11ADA0BB092C}"
EndProject
Project("{FAE04EC0-301F-11D3-BF4B-00C04F79EFBC}") = "SBiSaccoWeb.Workflows", "Business\SBiSaccoWeb.Workflows\SBiSaccoWeb.Workflows.csproj", "{A6F3C990-7D7E-419C-B4D1-1F95A34A7C82}"
EndProject
Project("{2150E333-8FDC-42A3-9474-1A3956D46DE8}") = "Services", "Services", "{D9DB5A42-81DB-4CA8-A4B6-1DF5D4C3D24C}"
EndProject
Project("{FAE04EC0-301F-11D3-BF4B-00C04F79EFBC}") = "SBiSaccoWeb.Services.Contracts", "Services\SBiSaccoWeb.Services.Contracts\SBiSaccoWeb.Services.Contracts.csproj", "{C9AD6835-B150-469A-8904-D8BD20B1C737}"
EndProject
Project("{FAE04EC0-301F-11D3-BF4B-00C04F79EFBC}") = "SBiSaccoWeb.Services", "Services\SBiSaccoWeb.Services\SBiSaccoWeb.Services.csproj", "{EE77781A-E337-477C-9BD0-F8C9794EB398}"
EndProject
Project("{FAE04EC0-301F-11D3-BF4B-00C04F79EFBC}") = "SBiSaccoWeb.Hosts.Web", "Hosts\SBiSaccoWeb.Hosts.Web\SBiSaccoWeb.Hosts.Web.csproj", "{E1970545-3718-4767-8913-7F4C69378B91}"
EndProject
Project("{FAE04EC0-301F-11D3-BF4B-00C04F79EFBC}") = "SBiSaccoWeb.Test", "Tests\SBiSaccoWeb.Test\SBiSaccoWeb.Test.csproj", "{8C6F0DA0-DD93-45F9-A91C-4401FCF255F0}"
EndProject
Project("{F088123C-0E9E-452A-89E6-6BA2F21D5CAC}") = "SBiSaccoWeb.Modeling", "Architecture\SBiSaccoWeb.Modeling\SBiSaccoWeb.Modeling.modelproj", "{EFEEA1E4-A52A-4488-B94B-B18C990D9A03}"
EndProject
Project("{2150E333-8FDC-42A3-9474-1A3956D46DE8}") = ".nuget", ".nuget", "{16290C19-62AA-41A5-A66C-37083A4C084A}"
	ProjectSection(SolutionItems) = preProject
		.nuget\NuGet.Config = .nuget\NuGet.Config
		.nuget\NuGet.exe = .nuget\NuGet.exe
		.nuget\NuGet.targets = .nuget\NuGet.targets
	EndProjectSection
EndProject
Global
	GlobalSection(SolutionConfigurationPlatforms) = preSolution
		Debug|Any CPU = Debug|Any CPU
		Release|Any CPU = Release|Any CPU
	EndGlobalSection
	GlobalSection(ProjectConfigurationPlatforms) = postSolution
		{6971CCDA-E132-488A-B42B-9DE9846A7872}.Debug|Any CPU.ActiveCfg = Debug|Any CPU
		{6971CCDA-E132-488A-B42B-9DE9846A7872}.Debug|Any CPU.Build.0 = Debug|Any CPU
		{6971CCDA-E132-488A-B42B-9DE9846A7872}.Release|Any CPU.ActiveCfg = Release|Any CPU
		{6971CCDA-E132-488A-B42B-9DE9846A7872}.Release|Any CPU.Build.0 = Release|Any CPU
		{68CA50CC-64B7-4D81-9254-AAA928A11A23}.Debug|Any CPU.ActiveCfg = Debug|Any CPU
		{68CA50CC-64B7-4D81-9254-AAA928A11A23}.Debug|Any CPU.Build.0 = Debug|Any CPU
		{68CA50CC-64B7-4D81-9254-AAA928A11A23}.Release|Any CPU.ActiveCfg = Release|Any CPU
		{68CA50CC-64B7-4D81-9254-AAA928A11A23}.Release|Any CPU.Build.0 = Release|Any CPU
		{134326FF-A7B0-4CA6-9A13-C8E04E1ABD36}.Debug|Any CPU.ActiveCfg = Debug|Any CPU
		{134326FF-A7B0-4CA6-9A13-C8E04E1ABD36}.Debug|Any CPU.Build.0 = Debug|Any CPU
		{134326FF-A7B0-4CA6-9A13-C8E04E1ABD36}.Release|Any CPU.ActiveCfg = Release|Any CPU
		{134326FF-A7B0-4CA6-9A13-C8E04E1ABD36}.Release|Any CPU.Build.0 = Release|Any CPU
		{15243E12-8661-4CFC-B8EE-44D2EABBD170}.Debug|Any CPU.ActiveCfg = Debug|Any CPU
		{15243E12-8661-4CFC-B8EE-44D2EABBD170}.Debug|Any CPU.Build.0 = Debug|Any CPU
		{15243E12-8661-4CFC-B8EE-44D2EABBD170}.Release|Any CPU.ActiveCfg = Release|Any CPU
		{15243E12-8661-4CFC-B8EE-44D2EABBD170}.Release|Any CPU.Build.0 = Release|Any CPU
		{283C1F29-2C60-4B30-956B-2FBB40CFB527}.Debug|Any CPU.ActiveCfg = Debug|Any CPU
		{283C1F29-2C60-4B30-956B-2FBB40CFB527}.Debug|Any CPU.Build.0 = Debug|Any CPU
		{283C1F29-2C60-4B30-956B-2FBB40CFB527}.Release|Any CPU.ActiveCfg = Release|Any CPU
		{283C1F29-2C60-4B30-956B-2FBB40CFB527}.Release|Any CPU.Build.0 = Release|Any CPU
		{9966E5DE-9758-49DD-9366-4F87675F1167}.Debug|Any CPU.ActiveCfg = Debug|Any CPU
		{9966E5DE-9758-49DD-9366-4F87675F1167}.Debug|Any CPU.Build.0 = Debug|Any CPU
		{9966E5DE-9758-49DD-9366-4F87675F1167}.Release|Any CPU.ActiveCfg = Release|Any CPU
		{9966E5DE-9758-49DD-9366-4F87675F1167}.Release|Any CPU.Build.0 = Release|Any CPU
		{D9E8DE28-4C15-4B06-9824-0A37394C0F9B}.Debug|Any CPU.ActiveCfg = Debug|Any CPU
		{D9E8DE28-4C15-4B06-9824-0A37394C0F9B}.Debug|Any CPU.Build.0 = Debug|Any CPU
		{D9E8DE28-4C15-4B06-9824-0A37394C0F9B}.Release|Any CPU.ActiveCfg = Release|Any CPU
		{D9E8DE28-4C15-4B06-9824-0A37394C0F9B}.Release|Any CPU.Build.0 = Release|Any CPU
		{98EC024C-6439-44B1-8B1E-29E457B2201F}.Debug|Any CPU.ActiveCfg = Debug|Any CPU
		{98EC024C-6439-44B1-8B1E-29E457B2201F}.Debug|Any CPU.Build.0 = Debug|Any CPU
		{98EC024C-6439-44B1-8B1E-29E457B2201F}.Release|Any CPU.ActiveCfg = Release|Any CPU
		{98EC024C-6439-44B1-8B1E-29E457B2201F}.Release|Any CPU.Build.0 = Release|Any CPU
		{09DCB913-3122-428E-88CE-11ADA0BB092C}.Debug|Any CPU.ActiveCfg = Debug|Any CPU
		{09DCB913-3122-428E-88CE-11ADA0BB092C}.Debug|Any CPU.Build.0 = Debug|Any CPU
		{09DCB913-3122-428E-88CE-11ADA0BB092C}.Release|Any CPU.ActiveCfg = Release|Any CPU
		{09DCB913-3122-428E-88CE-11ADA0BB092C}.Release|Any CPU.Build.0 = Release|Any CPU
		{A6F3C990-7D7E-419C-B4D1-1F95A34A7C82}.Debug|Any CPU.ActiveCfg = Debug|Any CPU
		{A6F3C990-7D7E-419C-B4D1-1F95A34A7C82}.Debug|Any CPU.Build.0 = Debug|Any CPU
		{A6F3C990-7D7E-419C-B4D1-1F95A34A7C82}.Release|Any CPU.ActiveCfg = Release|Any CPU
		{A6F3C990-7D7E-419C-B4D1-1F95A34A7C82}.Release|Any CPU.Build.0 = Release|Any CPU
		{C9AD6835-B150-469A-8904-D8BD20B1C737}.Debug|Any CPU.ActiveCfg = Debug|Any CPU
		{C9AD6835-B150-469A-8904-D8BD20B1C737}.Debug|Any CPU.Build.0 = Debug|Any CPU
		{C9AD6835-B150-469A-8904-D8BD20B1C737}.Release|Any CPU.ActiveCfg = Release|Any CPU
		{C9AD6835-B150-469A-8904-D8BD20B1C737}.Release|Any CPU.Build.0 = Release|Any CPU
		{EE77781A-E337-477C-9BD0-F8C9794EB398}.Debug|Any CPU.ActiveCfg = Debug|Any CPU
		{EE77781A-E337-477C-9BD0-F8C9794EB398}.Debug|Any CPU.Build.0 = Debug|Any CPU
		{EE77781A-E337-477C-9BD0-F8C9794EB398}.Release|Any CPU.ActiveCfg = Release|Any CPU
		{EE77781A-E337-477C-9BD0-F8C9794EB398}.Release|Any CPU.Build.0 = Release|Any CPU
		{E1970545-3718-4767-8913-7F4C69378B91}.Debug|Any CPU.ActiveCfg = Debug|Any CPU
		{E1970545-3718-4767-8913-7F4C69378B91}.Debug|Any CPU.Build.0 = Debug|Any CPU
		{E1970545-3718-4767-8913-7F4C69378B91}.Release|Any CPU.ActiveCfg = Release|Any CPU
		{E1970545-3718-4767-8913-7F4C69378B91}.Release|Any CPU.Build.0 = Release|Any CPU
		{8C6F0DA0-DD93-45F9-A91C-4401FCF255F0}.Debug|Any CPU.ActiveCfg = Debug|Any CPU
		{8C6F0DA0-DD93-45F9-A91C-4401FCF255F0}.Debug|Any CPU.Build.0 = Debug|Any CPU
		{8C6F0DA0-DD93-45F9-A91C-4401FCF255F0}.Release|Any CPU.ActiveCfg = Release|Any CPU
		{8C6F0DA0-DD93-45F9-A91C-4401FCF255F0}.Release|Any CPU.Build.0 = Release|Any CPU
		{EFEEA1E4-A52A-4488-B94B-B18C990D9A03}.Debug|Any CPU.ActiveCfg = Debug|Any CPU
		{EFEEA1E4-A52A-4488-B94B-B18C990D9A03}.Debug|Any CPU.Build.0 = Debug|Any CPU
		{EFEEA1E4-A52A-4488-B94B-B18C990D9A03}.Release|Any CPU.ActiveCfg = Release|Any CPU
		{EFEEA1E4-A52A-4488-B94B-B18C990D9A03}.Release|Any CPU.Build.0 = Release|Any CPU
	EndGlobalSection
	GlobalSection(SolutionProperties) = preSolution
		HideSolutionNode = FALSE
	EndGlobalSection
	GlobalSection(NestedProjects) = preSolution
		{D9E8DE28-4C15-4B06-9824-0A37394C0F9B} = {5AED4E07-528A-49AF-8F60-568DCCFAA714}
		{98EC024C-6439-44B1-8B1E-29E457B2201F} = {5AED4E07-528A-49AF-8F60-568DCCFAA714}
		{09DCB913-3122-428E-88CE-11ADA0BB092C} = {5AED4E07-528A-49AF-8F60-568DCCFAA714}
		{A6F3C990-7D7E-419C-B4D1-1F95A34A7C82} = {5AED4E07-528A-49AF-8F60-568DCCFAA714}
		{6971CCDA-E132-488A-B42B-9DE9846A7872} = {D91970A5-408D-4058-8094-3A1991EE255A}
		{68CA50CC-64B7-4D81-9254-AAA928A11A23} = {D91970A5-408D-4058-8094-3A1991EE255A}
		{E1970545-3718-4767-8913-7F4C69378B91} = {E1AB3FF4-1BC2-47F6-828E-4D09BAB42227}
		{134326FF-A7B0-4CA6-9A13-C8E04E1ABD36} = {212D414B-CB47-4AD6-8D5B-214043C2210A}
		{15243E12-8661-4CFC-B8EE-44D2EABBD170} = {212D414B-CB47-4AD6-8D5B-214043C2210A}
		{8C6F0DA0-DD93-45F9-A91C-4401FCF255F0} = {C88E4B91-CD6D-43BA-972A-FD05AB905777}
		{EFEEA1E4-A52A-4488-B94B-B18C990D9A03} = {29614D71-5FA1-4CEA-BE79-C54397681723}
		{283C1F29-2C60-4B30-956B-2FBB40CFB527} = {FC2B3E1D-90E0-4F6B-B485-3E833A33DC0D}
		{9966E5DE-9758-49DD-9366-4F87675F1167} = {FC2B3E1D-90E0-4F6B-B485-3E833A33DC0D}
		{C9AD6835-B150-469A-8904-D8BD20B1C737} = {D9DB5A42-81DB-4CA8-A4B6-1DF5D4C3D24C}
		{EE77781A-E337-477C-9BD0-F8C9794EB398} = {D9DB5A42-81DB-4CA8-A4B6-1DF5D4C3D24C}
	EndGlobalSection
EndGlobal
